Microsoft Visual Studio Solution File, Format Version 12.00
# Visual Studio Version 17
VisualStudioVersion = 17.5.2.0
MinimumVisualStudioVersion = 10.0.40219.1
Project("{FAE04EC0-301F-11D3-BF4B-00C04F79EFBC}") = "allium", "allium.csproj", "{120D4EA2-7127-E85C-1CFC-2E15B9B2EA93}"
EndProject
Global
	GlobalSection(SolutionConfigurationPlatforms) = preSolution
		Debug|Any CPU = Debug|Any CPU
		Release|Any CPU = Release|Any CPU
	EndGlobalSection
	GlobalSection(ProjectConfigurationPlatforms) = postSolution
		{120D4EA2-7127-E85C-1CFC-2E15B9B2EA93}.Debug|Any CPU.ActiveCfg = Debug|Any CPU
		{120D4EA2-7127-E85C-1CFC-2E15B9B2EA93}.Debug|Any CPU.Build.0 = Debug|Any CPU
		{120D4EA2-7127-E85C-1CFC-2E15B9B2EA93}.Release|Any CPU.ActiveCfg = Release|Any CPU
		{120D4EA2-7127-E85C-1CFC-2E15B9B2EA93}.Release|Any CPU.Build.0 = Release|Any CPU
	EndGlobalSection
	GlobalSection(SolutionProperties) = preSolution
		HideSolutionNode = FALSE
	EndGlobalSection
	GlobalSection(ExtensibilityGlobals) = postSolution
		SolutionGuid = {5D9CB896-0E4F-4E2D-AAD1-E7BA6B688A00}
	EndGlobalSection
EndGlobal
